// !$*UTF8*$!
{
	archiveVersion = 1;
	classes = {
	};
	objectVersion = 50;
	objects = {

/* Begin PBXBuildFile section */
		180CD6EE98D307DC604AF991 /* Pods_noName.framework in Frameworks */ = {isa = PBXBuildFile; fileRef = 909BF245091D722E7F9CE42D /* Pods_noName.framework */; };
		3A37E93E2376B80B00DC7E43 /* AppDelegate.swift in Sources */ = {isa = PBXBuildFile; fileRef = 3A37E93D2376B80B00DC7E43 /* AppDelegate.swift */; };
		3A37E9402376B80B00DC7E43 /* SceneDelegate.swift in Sources */ = {isa = PBXBuildFile; fileRef = 3A37E93F2376B80B00DC7E43 /* SceneDelegate.swift */; };
		3A37E9422376B80B00DC7E43 /* ViewController.swift in Sources */ = {isa = PBXBuildFile; fileRef = 3A37E9412376B80B00DC7E43 /* ViewController.swift */; };
		3A37E9452376B80B00DC7E43 /* Main.storyboard in Resources */ = {isa = PBXBuildFile; fileRef = 3A37E9432376B80B00DC7E43 /* Main.storyboard */; };
		3A37E9472376B80C00DC7E43 /* Assets.xcassets in Resources */ = {isa = PBXBuildFile; fileRef = 3A37E9462376B80C00DC7E43 /* Assets.xcassets */; };
		3A37E94A2376B80C00DC7E43 /* LaunchScreen.storyboard in Resources */ = {isa = PBXBuildFile; fileRef = 3A37E9482376B80C00DC7E43 /* LaunchScreen.storyboard */; };
		456443EE2376BB1400BD6211 /* MapViewViewController.swift in Sources */ = {isa = PBXBuildFile; fileRef = 456443ED2376BB1400BD6211 /* MapViewViewController.swift */; };
/* End PBXBuildFile section */

/* Begin PBXFileReference section */
		3A37E93A2376B80B00DC7E43 /* noName.app */ = {isa = PBXFileReference; explicitFileType = wrapper.application; includeInIndex = 0; path = noName.app; sourceTree = BUILT_PRODUCTS_DIR; };
		3A37E93D2376B80B00DC7E43 /* AppDelegate.swift */ = {isa = PBXFileReference; lastKnownFileType = sourcecode.swift; path = AppDelegate.swift; sourceTree = "<group>"; };
		3A37E93F2376B80B00DC7E43 /* SceneDelegate.swift */ = {isa = PBXFileReference; lastKnownFileType = sourcecode.swift; path = SceneDelegate.swift; sourceTree = "<group>"; };
		3A37E9412376B80B00DC7E43 /* ViewController.swift */ = {isa = PBXFileReference; lastKnownFileType = sourcecode.swift; path = ViewController.swift; sourceTree = "<group>"; };
		3A37E9442376B80B00DC7E43 /* Base */ = {isa = PBXFileReference; lastKnownFileType = file.storyboard; name = Base; path = Base.lproj/Main.storyboard; sourceTree = "<group>"; };
		3A37E9462376B80C00DC7E43 /* Assets.xcassets */ = {isa = PBXFileReference; lastKnownFileType = folder.assetcatalog; path = Assets.xcassets; sourceTree = "<group>"; };
		3A37E9492376B80C00DC7E43 /* Base */ = {isa = PBXFileReference; lastKnownFileType = file.storyboard; name = Base; path = Base.lproj/LaunchScreen.storyboard; sourceTree = "<group>"; };
		3A37E94B2376B80C00DC7E43 /* Info.plist */ = {isa = PBXFileReference; lastKnownFileType = text.plist.xml; path = Info.plist; sourceTree = "<group>"; };
		456443ED2376BB1400BD6211 /* MapViewViewController.swift */ = {isa = PBXFileReference; lastKnownFileType = sourcecode.swift; path = MapViewViewController.swift; sourceTree = "<group>"; };
		909BF245091D722E7F9CE42D /* Pods_noName.framework */ = {isa = PBXFileReference; explicitFileType = wrapper.framework; includeInIndex = 0; path = Pods_noName.framework; sourceTree = BUILT_PRODUCTS_DIR; };
		9552D9FEE56734925415EAAC /* Pods-noName.debug.xcconfig */ = {isa = PBXFileReference; includeInIndex = 1; lastKnownFileType = text.xcconfig; name = "Pods-noName.debug.xcconfig"; path = "Target Support Files/Pods-noName/Pods-noName.debug.xcconfig"; sourceTree = "<group>"; };
		B6146CCE307A234CF752832A /* Pods-noName.release.xcconfig */ = {isa = PBXFileReference; includeInIndex = 1; lastKnownFileType = text.xcconfig; name = "Pods-noName.release.xcconfig"; path = "Target Support Files/Pods-noName/Pods-noName.release.xcconfig"; sourceTree = "<group>"; };
/* End PBXFileReference section */

/* Begin PBXFrameworksBuildPhase section */
		3A37E9372376B80B00DC7E43 /* Frameworks */ = {
			isa = PBXFrameworksBuildPhase;
			buildActionMask = 2147483647;
			files = (
				180CD6EE98D307DC604AF991 /* Pods_noName.framework in Frameworks */,
			);
			runOnlyForDeploymentPostprocessing = 0;
		};
/* End PBXFrameworksBuildPhase section */

/* Begin PBXGroup section */
		3A37E9312376B80B00DC7E43 = {
			isa = PBXGroup;
			children = (
				3A37E93C2376B80B00DC7E43 /* noName */,
				3A37E93B2376B80B00DC7E43 /* Products */,
				62AB2ED476E6B1A318AB7A6E /* Pods */,
				C5BE6C8602243051A714D2DE /* Frameworks */,
			);
			sourceTree = "<group>";
		};
		3A37E93B2376B80B00DC7E43 /* Products */ = {
			isa = PBXGroup;
			children = (
				3A37E93A2376B80B00DC7E43 /* noName.app */,
			);
			name = Products;
			sourceTree = "<group>";
		};
		3A37E93C2376B80B00DC7E43 /* noName */ = {
			isa = PBXGroup;
			children = (
				3A37E93D2376B80B00DC7E43 /* AppDelegate.swift */,
				3A37E93F2376B80B00DC7E43 /* SceneDelegate.swift */,
				3A37E9412376B80B00DC7E43 /* ViewController.swift */,
				3A37E9432376B80B00DC7E43 /* Main.storyboard */,
				456443ED2376BB1400BD6211 /* MapViewViewController.swift */,
				3A37E9462376B80C00DC7E43 /* Assets.xcassets */,
				3A37E9482376B80C00DC7E43 /* LaunchScreen.storyboard */,
				3A37E94B2376B80C00DC7E43 /* Info.plist */,
			);
			path = noName;
			sourceTree = "<group>";
		};
		62AB2ED476E6B1A318AB7A6E /* Pods */ = {
			isa = PBXGroup;
			children = (
				9552D9FEE56734925415EAAC /* Pods-noName.debug.xcconfig */,
				B6146CCE307A234CF752832A /* Pods-noName.release.xcconfig */,
			);
			name = Pods;
			path = Pods;
			sourceTree = "<group>";
		};
		C5BE6C8602243051A714D2DE /* Frameworks */ = {
			isa = PBXGroup;
			children = (
				909BF245091D722E7F9CE42D /* Pods_noName.framework */,
			);
			name = Frameworks;
			sourceTree = "<group>";
		};
/* End PBXGroup section */

/* Begin PBXNativeTarget section */
		3A37E9392376B80B00DC7E43 /* noName */ = {
			isa = PBXNativeTarget;
			buildConfigurationList = 3A37E94E2376B80C00DC7E43 /* Build configuration list for PBXNativeTarget "noName" */;
			buildPhases = (
				241D05892ABF78C3ACB9B604 /* [CP] Check Pods Manifest.lock */,
				3A37E9362376B80B00DC7E43 /* Sources */,
				3A37E9372376B80B00DC7E43 /* Frameworks */,
				3A37E9382376B80B00DC7E43 /* Resources */,
				6BAD6CDD0AA53072F4FFC45F /* [CP] Embed Pods Frameworks */,
			);
			buildRules = (
			);
			dependencies = (
			);
			name = noName;
			productName = noName;
			productReference = 3A37E93A2376B80B00DC7E43 /* noName.app */;
			productType = "com.apple.product-type.application";
		};
/* End PBXNativeTarget section */

/* Begin PBXProject section */
		3A37E9322376B80B00DC7E43 /* Project object */ = {
			isa = PBXProject;
			attributes = {
				LastSwiftUpdateCheck = 1120;
				LastUpgradeCheck = 1120;
				ORGANIZATIONNAME = "Roman Rakhlin";
				TargetAttributes = {
					3A37E9392376B80B00DC7E43 = {
						CreatedOnToolsVersion = 11.2;
					};
				};
			};
			buildConfigurationList = 3A37E9352376B80B00DC7E43 /* Build configuration list for PBXProject "noName" */;
			compatibilityVersion = "Xcode 9.3";
			developmentRegion = en;
			hasScannedForEncodings = 0;
			knownRegions = (
				en,
				Base,
			);
			mainGroup = 3A37E9312376B80B00DC7E43;
			productRefGroup = 3A37E93B2376B80B00DC7E43 /* Products */;
			projectDirPath = "";
			projectRoot = "";
			targets = (
				3A37E9392376B80B00DC7E43 /* noName */,
			);
		};
/* End PBXProject section */

/* Begin PBXResourcesBuildPhase section */
		3A37E9382376B80B00DC7E43 /* Resources */ = {
			isa = PBXResourcesBuildPhase;
			buildActionMask = 2147483647;
			files = (
				3A37E94A2376B80C00DC7E43 /* LaunchScreen.storyboard in Resources */,
				3A37E9472376B80C00DC7E43 /* Assets.xcassets in Resources */,
				3A37E9452376B80B00DC7E43 /* Main.storyboard in Resources */,
			);
			runOnlyForDeploymentPostprocessing = 0;
		};
/* End PBXResourcesBuildPhase section */

/* Begin PBXShellScriptBuildPhase section */
		241D05892ABF78C3ACB9B604 /* [CP] Check Pods Manifest.lock */ = {
			isa = PBXShellScriptBuildPhase;
			buildActionMask = 2147483647;
			files = (
			);
			inputFileListPaths = (
			);
			inputPaths = (
				"${PODS_PODFILE_DIR_PATH}/Podfile.lock",
				"${PODS_ROOT}/Manifest.lock",
			);
			name = "[CP] Check Pods Manifest.lock";
			outputFileListPaths = (
			);
			outputPaths = (
				"$(DERIVED_FILE_DIR)/Pods-noName-checkManifestLockResult.txt",
			);
			runOnlyForDeploymentPostprocessing = 0;
			shellPath = /bin/sh;
			shellScript = "diff \"${PODS_PODFILE_DIR_PATH}/Podfile.lock\" \"${PODS_ROOT}/Manifest.lock\" > /dev/null\nif [ $? != 0 ] ; then\n    # print error to STDERR\n    echo \"error: The sandbox is not in sync with the Podfile.lock. Run 'pod install' or update your CocoaPods installation.\" >&2\n    exit 1\nfi\n# This output is used by Xcode 'outputs' to avoid re-running this script phase.\necho \"SUCCESS\" > \"${SCRIPT_OUTPUT_FILE_0}\"\n";
			showEnvVarsInLog = 0;
		};
		6BAD6CDD0AA53072F4FFC45F /* [CP] Embed Pods Frameworks */ = {
			isa = PBXShellScriptBuildPhase;
			buildActionMask = 2147483647;
			files = (
			);
			inputFileListPaths = (
				"${PODS_ROOT}/Target Support Files/Pods-noName/Pods-noName-frameworks-${CONFIGURATION}-input-files.xcfilelist",
			);
			name = "[CP] Embed Pods Frameworks";
			outputFileListPaths = (
				"${PODS_ROOT}/Target Support Files/Pods-noName/Pods-noName-frameworks-${CONFIGURATION}-output-files.xcfilelist",
			);
			runOnlyForDeploymentPostprocessing = 0;
			shellPath = /bin/sh;
			shellScript = "\"${PODS_ROOT}/Target Support Files/Pods-noName/Pods-noName-frameworks.sh\"\n";
			showEnvVarsInLog = 0;
		};
/* End PBXShellScriptBuildPhase section */

/* Begin PBXSourcesBuildPhase section */
		3A37E9362376B80B00DC7E43 /* Sources */ = {
			isa = PBXSourcesBuildPhase;
			buildActionMask = 2147483647;
			files = (
				3A37E9422376B80B00DC7E43 /* ViewController.swift in Sources */,
				3A37E93E2376B80B00DC7E43 /* AppDelegate.swift in Sources */,
				456443EE2376BB1400BD6211 /* MapViewViewController.swift in Sources */,
				3A37E9402376B80B00DC7E43 /* SceneDelegate.swift in Sources */,
			);
			runOnlyForDeploymentPostprocessing = 0;
		};
/* End PBXSourcesBuildPhase section */

/* Begin PBXVariantGroup section */
		3A37E9432376B80B00DC7E43 /* Main.storyboard */ = {
			isa = PBXVariantGroup;
			children = (
				3A37E9442376B80B00DC7E43 /* Base */,
			);
			name = Main.storyboard;
			sourceTree = "<group>";
		};
		3A37E9482376B80C00DC7E43 /* LaunchScreen.storyboard */ = {
			isa = PBXVariantGroup;
			children = (
				3A37E9492376B80C00DC7E43 /* Base */,
			);
			name = LaunchScreen.storyboard;
			sourceTree = "<group>";
		};
/* End PBXVariantGroup section */

/* Begin XCBuildConfiguration section */
		3A37E94C2376B80C00DC7E43 /* Debug */ = {
			isa = XCBuildConfiguration;
			buildSettings = {
				ALWAYS_SEARCH_USER_PATHS = NO;
				CLANG_ANALYZER_NONNULL = YES;
				CLANG_ANALYZER_NUMBER_OBJECT_CONVERSION = YES_AGGRESSIVE;
				CLANG_CXX_LANGUAGE_STANDARD = "gnu++14";
				CLANG_CXX_LIBRARY = "libc++";
				CLANG_ENABLE_MODULES = YES;
				CLANG_ENABLE_OBJC_ARC = YES;
				CLANG_ENABLE_OBJC_WEAK = YES;
				CLANG_WARN_BLOCK_CAPTURE_AUTORELEASING = YES;
				CLANG_WARN_BOOL_CONVERSION = YES;
				CLANG_WARN_COMMA = YES;
				CLANG_WARN_CONSTANT_CONVERSION = YES;
				CLANG_WARN_DEPRECATED_OBJC_IMPLEMENTATIONS = YES;
				CLANG_WARN_DIRECT_OBJC_ISA_USAGE = YES_ERROR;
				CLANG_WARN_DOCUMENTATION_COMMENTS = YES;
				CLANG_WARN_EMPTY_BODY = YES;
				CLANG_WARN_ENUM_CONVERSION = YES;
				CLANG_WARN_INFINITE_RECURSION = YES;
				CLANG_WARN_INT_CONVERSION = YES;
				CLANG_WARN_NON_LITERAL_NULL_CONVERSION = YES;
				CLANG_WARN_OBJC_IMPLICIT_RETAIN_SELF = YES;
				CLANG_WARN_OBJC_LITERAL_CONVERSION = YES;
				CLANG_WARN_OBJC_ROOT_CLASS = YES_ERROR;
				CLANG_WARN_RANGE_LOOP_ANALYSIS = YES;
				CLANG_WARN_STRICT_PROTOTYPES = YES;
				CLANG_WARN_SUSPICIOUS_MOVE = YES;
				CLANG_WARN_UNGUARDED_AVAILABILITY = YES_AGGRESSIVE;
				CLANG_WARN_UNREACHABLE_CODE = YES;
				CLANG_WARN__DUPLICATE_METHOD_MATCH = YES;
				COPY_PHASE_STRIP = NO;
				DEBUG_INFORMATION_FORMAT = dwarf;
				ENABLE_STRICT_OBJC_MSGSEND = YES;
				ENABLE_TESTABILITY = YES;
				GCC_C_LANGUAGE_STANDARD = gnu11;
				GCC_DYNAMIC_NO_PIC = NO;
				GCC_NO_COMMON_BLOCKS = YES;
				GCC_OPTIMIZATION_LEVEL = 0;
				GCC_PREPROCESSOR_DEFINITIONS = (
					"DEBUG=1",
					"$(inherited)",
				);
				GCC_WARN_64_TO_32_BIT_CONVERSION = YES;
				GCC_WARN_ABOUT_RETURN_TYPE = YES_ERROR;
				GCC_WARN_UNDECLARED_SELECTOR = YES;
				GCC_WARN_UNINITIALIZED_AUTOS = YES_AGGRESSIVE;
				GCC_WARN_UNUSED_FUNCTION = YES;
				GCC_WARN_UNUSED_VARIABLE = YES;
				IPHONEOS_DEPLOYMENT_TARGET = 13.2;
				MTL_ENABLE_DEBUG_INFO = INCLUDE_SOURCE;
				MTL_FAST_MATH = YES;
				ONLY_ACTIVE_ARCH = YES;
				SDKROOT = iphoneos;
				SWIFT_ACTIVE_COMPILATION_CONDITIONS = DEBUG;
				SWIFT_OPTIMIZATION_LEVEL = "-Onone";
			};
			name = Debug;
		};
		3A37E94D2376B80C00DC7E43 /* Release */ = {
			isa = XCBuildConfiguration;
			buildSettings = {
				ALWAYS_SEARCH_USER_PATHS = NO;
				CLANG_ANALYZER_NONNULL = YES;
				CLANG_ANALYZER_NUMBER_OBJECT_CONVERSION = YES_AGGRESSIVE;
				CLANG_CXX_LANGUAGE_STANDARD = "gnu++14";
				CLANG_CXX_LIBRARY = "libc++";
				CLANG_ENABLE_MODULES = YES;
				CLANG_ENABLE_OBJC_ARC = YES;
				CLANG_ENABLE_OBJC_WEAK = YES;
				CLANG_WARN_BLOCK_CAPTURE_AUTORELEASING = YES;
				CLANG_WARN_BOOL_CONVERSION = YES;
				CLANG_WARN_COMMA = YES;
				CLANG_WARN_CONSTANT_CONVERSION = YES;
				CLANG_WARN_DEPRECATED_OBJC_IMPLEMENTATIONS = YES;
				CLANG_WARN_DIRECT_OBJC_ISA_USAGE = YES_ERROR;
				CLANG_WARN_DOCUMENTATION_COMMENTS = YES;
				CLANG_WARN_EMPTY_BODY = YES;
				CLANG_WARN_ENUM_CONVERSION = YES;
				CLANG_WARN_INFINITE_RECURSION = YES;
				CLANG_WARN_INT_CONVERSION = YES;
				CLANG_WARN_NON_LITERAL_NULL_CONVERSION = YES;
				CLANG_WARN_OBJC_IMPLICIT_RETAIN_SELF = YES;
				CLANG_WARN_OBJC_LITERAL_CONVERSION = YES;
				CLANG_WARN_OBJC_ROOT_CLASS = YES_ERROR;
				CLANG_WARN_RANGE_LOOP_ANALYSIS = YES;
				CLANG_WARN_STRICT_PROTOTYPES = YES;
				CLANG_WARN_SUSPICIOUS_MOVE = YES;
				CLANG_WARN_UNGUARDED_AVAILABILITY = YES_AGGRESSIVE;
				CLANG_WARN_UNREACHABLE_CODE = YES;
				CLANG_WARN__DUPLICATE_METHOD_MATCH = YES;
				COPY_PHASE_STRIP = NO;
				DEBUG_INFORMATION_FORMAT = "dwarf-with-dsym";
				ENABLE_NS_ASSERTIONS = NO;
				ENABLE_STRICT_OBJC_MSGSEND = YES;
				GCC_C_LANGUAGE_STANDARD = gnu11;
				GCC_NO_COMMON_BLOCKS = YES;
				GCC_WARN_64_TO_32_BIT_CONVERSION = YES;
				GCC_WARN_ABOUT_RETURN_TYPE = YES_ERROR;
				GCC_WARN_UNDECLARED_SELECTOR = YES;
				GCC_WARN_UNINITIALIZED_AUTOS = YES_AGGRESSIVE;
				GCC_WARN_UNUSED_FUNCTION = YES;
				GCC_WARN_UNUSED_VARIABLE = YES;
				IPHONEOS_DEPLOYMENT_TARGET = 13.2;
				MTL_ENABLE_DEBUG_INFO = NO;
				MTL_FAST_MATH = YES;
				SDKROOT = iphoneos;
				SWIFT_COMPILATION_MODE = wholemodule;
				SWIFT_OPTIMIZATION_LEVEL = "-O";
				VALIDATE_PRODUCT = YES;
			};
			name = Release;
		};
		3A37E94F2376B80C00DC7E43 /* Debug */ = {
			isa = XCBuildConfiguration;
			baseConfigurationReference = 9552D9FEE56734925415EAAC /* Pods-noName.debug.xcconfig */;
			buildSettings = {
				ASSETCATALOG_COMPILER_APPICON_NAME = AppIcon;
				CODE_SIGN_STYLE = Automatic;
				CURRENT_PROJECT_VERSION = 1;
				DEVELOPMENT_TEAM = 3868R87QJX;
				INFOPLIST_FILE = noName/Info.plist;
				IPHONEOS_DEPLOYMENT_TARGET = 13.1;
				LD_RUNPATH_SEARCH_PATHS = (
					"$(inherited)",
					"@executable_path/Frameworks",
				);
				PRODUCT_BUNDLE_IDENTIFIER = com.rrakhlin.noName;
				PRODUCT_NAME = "$(TARGET_NAME)";
				SWIFT_VERSION = 5.0;
				TARGETED_DEVICE_FAMILY = "1,2";
			};
			name = Debug;
		};
		3A37E9502376B80C00DC7E43 /* Release */ = {
			isa = XCBuildConfiguration;
			baseConfigurationReference = B6146CCE307A234CF752832A /* Pods-noName.release.xcconfig */;
			buildSettings = {
				ASSETCATALOG_COMPILER_APPICON_NAME = AppIcon;
				CODE_SIGN_STYLE = Automatic;
				CURRENT_PROJECT_VERSION = 1;
				DEVELOPMENT_TEAM = 3868R87QJX;
				INFOPLIST_FILE = noName/Info.plist;
				IPHONEOS_DEPLOYMENT_TARGET = 13.1;
				LD_RUNPATH_SEARCH_PATHS = (
					"$(inherited)",
					"@executable_path/Frameworks",
				);
				PRODUCT_BUNDLE_IDENTIFIER = com.rrakhlin.noName;
				PRODUCT_NAME = "$(TARGET_NAME)";
				SWIFT_VERSION = 5.0;
				TARGETED_DEVICE_FAMILY = "1,2";
			};
			name = Release;
		};
/* End XCBuildConfiguration section */

/* Begin XCConfigurationList section */
		3A37E9352376B80B00DC7E43 /* Build configuration list for PBXProject "noName" */ = {
			isa = XCConfigurationList;
			buildConfigurations = (
				3A37E94C2376B80C00DC7E43 /* Debug */,
				3A37E94D2376B80C00DC7E43 /* Release */,
			);
			defaultConfigurationIsVisible = 0;
			defaultConfigurationName = Release;
		};
		3A37E94E2376B80C00DC7E43 /* Build configuration list for PBXNativeTarget "noName" */ = {
			isa = XCConfigurationList;
			buildConfigurations = (
				3A37E94F2376B80C00DC7E43 /* Debug */,
				3A37E9502376B80C00DC7E43 /* Release */,
			);
			defaultConfigurationIsVisible = 0;
			defaultConfigurationName = Release;
		};
/* End XCConfigurationList section */
	};
	rootObject = 3A37E9322376B80B00DC7E43 /* Project object */;
}
